
Microsoft Visual Studio Solution File, Format Version 12.00
# Visual Studio 14
VisualStudioVersion = 14.0.23107.0
MinimumVisualStudioVersion = 10.0.40219.1
Project("{FAE04EC0-301F-11D3-BF4B-00C04F79EFBC}") = "ProjectDacia", "ProjectDacia\ProjectDacia.csproj", "{F00FBAAD-9E92-4EBA-8ED3-B43233A48DFC}"
EndProject
Project("{FAE04EC0-301F-11D3-BF4B-00C04F79EFBC}") = "Engine", "Engine\Engine.csproj", "{140075A8-4868-42F0-9DD0-7268F03B3656}"
EndProject
Project("{FAE04EC0-301F-11D3-BF4B-00C04F79EFBC}") = "Test", "Test\Test.csproj", "{644A645D-BDC2-443D-BF72-2B9A78D4681E}"
EndProject
Global
	GlobalSection(SolutionConfigurationPlatforms) = preSolution
		Debug|x86 = Debug|x86
		Release|x86 = Release|x86
	EndGlobalSection
	GlobalSection(ProjectConfigurationPlatforms) = postSolution
		{F00FBAAD-9E92-4EBA-8ED3-B43233A48DFC}.Debug|x86.ActiveCfg = Debug|x86
		{F00FBAAD-9E92-4EBA-8ED3-B43233A48DFC}.Debug|x86.Build.0 = Debug|x86
		{F00FBAAD-9E92-4EBA-8ED3-B43233A48DFC}.Release|x86.ActiveCfg = Release|x86
		{F00FBAAD-9E92-4EBA-8ED3-B43233A48DFC}.Release|x86.Build.0 = Release|x86
		{140075A8-4868-42F0-9DD0-7268F03B3656}.Debug|x86.ActiveCfg = Debug|x86
		{140075A8-4868-42F0-9DD0-7268F03B3656}.Debug|x86.Build.0 = Debug|x86
		{140075A8-4868-42F0-9DD0-7268F03B3656}.Release|x86.ActiveCfg = Release|x86
		{140075A8-4868-42F0-9DD0-7268F03B3656}.Release|x86.Build.0 = Release|x86
		{644A645D-BDC2-443D-BF72-2B9A78D4681E}.Debug|x86.ActiveCfg = Debug|x86
		{644A645D-BDC2-443D-BF72-2B9A78D4681E}.Debug|x86.Build.0 = Debug|x86
		{644A645D-BDC2-443D-BF72-2B9A78D4681E}.Release|x86.ActiveCfg = Release|x86
		{644A645D-BDC2-443D-BF72-2B9A78D4681E}.Release|x86.Build.0 = Release|x86
	EndGlobalSection
	GlobalSection(SolutionProperties) = preSolution
		HideSolutionNode = FALSE
	EndGlobalSection
EndGlobal
